
Microsoft Visual Studio Solution File, Format Version 12.00
# Visual Studio Version 17
VisualStudioVersion = 17.0.31903.59
MinimumVisualStudioVersion = 10.0.40219.1
Project("{FAE04EC0-301F-11D3-BF4B-00C04F79EFBC}") = "FleetOps", "FleetOps\FleetOps.csproj", "{B606D153-4813-4C12-8CA7-59BA5CCF5E2F}"
EndProject
Project("{FAE04EC0-301F-11D3-BF4B-00C04F79EFBC}") = "FleetOps.Domain", "FleetOps.Domain\FleetOps.Domain.csproj", "{0CAFD36C-BD06-4D98-8538-660A82E56AA2}"
EndProject
Project("{FAE04EC0-301F-11D3-BF4B-00C04F79EFBC}") = "FleetOps.Application", "FleetOps.Application\FleetOps.Application.csproj", "{1EB5CF3B-5C10-4926-82D7-3E2025617038}"
EndProject
Project("{FAE04EC0-301F-11D3-BF4B-00C04F79EFBC}") = "FleetOps.Infrastructure", "FleetOps.Infrastructure\FleetOps.Infrastructure.csproj", "{E534FEF7-0DF1-4D10-82D1-6B33A69210CC}"
EndProject
Project("{FAE04EC0-301F-11D3-BF4B-00C04F79EFBC}") = "FleetOps.SharedKernel", "FleetOps.SharedKernel\FleetOps.SharedKernel.csproj", "{CBB6EA89-C3CC-40E8-AE3D-CDF7609403E9}"
EndProject
Project("{FAE04EC0-301F-11D3-BF4B-00C04F79EFBC}") = "FleetOps.Domain.Tests", "FleetOps.Domain.Tests\FleetOps.Domain.Tests.csproj", "{1B1C6BA0-81FA-44F9-AB5E-FDED758420E0}"
EndProject
Project("{FAE04EC0-301F-11D3-BF4B-00C04F79EFBC}") = "FleetOps.Application.Tests", "FleetOps.Application.Tests\FleetOps.Application.Tests.csproj", "{086B725B-0661-411B-BF11-D36F2E154915}"
EndProject
Global
	GlobalSection(SolutionConfigurationPlatforms) = preSolution
		Debug|Any CPU = Debug|Any CPU
		Debug|x64 = Debug|x64
		Debug|x86 = Debug|x86
		Release|Any CPU = Release|Any CPU
		Release|x64 = Release|x64
		Release|x86 = Release|x86
	EndGlobalSection
	GlobalSection(ProjectConfigurationPlatforms) = postSolution
		{B606D153-4813-4C12-8CA7-59BA5CCF5E2F}.Debug|Any CPU.ActiveCfg = Debug|Any CPU
		{B606D153-4813-4C12-8CA7-59BA5CCF5E2F}.Debug|Any CPU.Build.0 = Debug|Any CPU
		{B606D153-4813-4C12-8CA7-59BA5CCF5E2F}.Debug|x64.ActiveCfg = Debug|Any CPU
		{B606D153-4813-4C12-8CA7-59BA5CCF5E2F}.Debug|x64.Build.0 = Debug|Any CPU
		{B606D153-4813-4C12-8CA7-59BA5CCF5E2F}.Debug|x86.ActiveCfg = Debug|Any CPU
		{B606D153-4813-4C12-8CA7-59BA5CCF5E2F}.Debug|x86.Build.0 = Debug|Any CPU
		{B606D153-4813-4C12-8CA7-59BA5CCF5E2F}.Release|Any CPU.ActiveCfg = Release|Any CPU
		{B606D153-4813-4C12-8CA7-59BA5CCF5E2F}.Release|Any CPU.Build.0 = Release|Any CPU
		{B606D153-4813-4C12-8CA7-59BA5CCF5E2F}.Release|x64.ActiveCfg = Release|Any CPU
		{B606D153-4813-4C12-8CA7-59BA5CCF5E2F}.Release|x64.Build.0 = Release|Any CPU
		{B606D153-4813-4C12-8CA7-59BA5CCF5E2F}.Release|x86.ActiveCfg = Release|Any CPU
		{B606D153-4813-4C12-8CA7-59BA5CCF5E2F}.Release|x86.Build.0 = Release|Any CPU
		{0CAFD36C-BD06-4D98-8538-660A82E56AA2}.Debug|Any CPU.ActiveCfg = Debug|Any CPU
		{0CAFD36C-BD06-4D98-8538-660A82E56AA2}.Debug|Any CPU.Build.0 = Debug|Any CPU
		{0CAFD36C-BD06-4D98-8538-660A82E56AA2}.Debug|x64.ActiveCfg = Debug|Any CPU
		{0CAFD36C-BD06-4D98-8538-660A82E56AA2}.Debug|x64.Build.0 = Debug|Any CPU
		{0CAFD36C-BD06-4D98-8538-660A82E56AA2}.Debug|x86.ActiveCfg = Debug|Any CPU
		{0CAFD36C-BD06-4D98-8538-660A82E56AA2}.Debug|x86.Build.0 = Debug|Any CPU
		{0CAFD36C-BD06-4D98-8538-660A82E56AA2}.Release|Any CPU.ActiveCfg = Release|Any CPU
		{0CAFD36C-BD06-4D98-8538-660A82E56AA2}.Release|Any CPU.Build.0 = Release|Any CPU
		{0CAFD36C-BD06-4D98-8538-660A82E56AA2}.Release|x64.ActiveCfg = Release|Any CPU
		{0CAFD36C-BD06-4D98-8538-660A82E56AA2}.Release|x64.Build.0 = Release|Any CPU
		{0CAFD36C-BD06-4D98-8538-660A82E56AA2}.Release|x86.ActiveCfg = Release|Any CPU
		{0CAFD36C-BD06-4D98-8538-660A82E56AA2}.Release|x86.Build.0 = Release|Any CPU
		{1EB5CF3B-5C10-4926-82D7-3E2025617038}.Debug|Any CPU.ActiveCfg = Debug|Any CPU
		{1EB5CF3B-5C10-4926-82D7-3E2025617038}.Debug|Any CPU.Build.0 = Debug|Any CPU
		{1EB5CF3B-5C10-4926-82D7-3E2025617038}.Debug|x64.ActiveCfg = Debug|Any CPU
		{1EB5CF3B-5C10-4926-82D7-3E2025617038}.Debug|x64.Build.0 = Debug|Any CPU
		{1EB5CF3B-5C10-4926-82D7-3E2025617038}.Debug|x86.ActiveCfg = Debug|Any CPU
		{1EB5CF3B-5C10-4926-82D7-3E2025617038}.Debug|x86.Build.0 = Debug|Any CPU
		{1EB5CF3B-5C10-4926-82D7-3E2025617038}.Release|Any CPU.ActiveCfg = Release|Any CPU
		{1EB5CF3B-5C10-4926-82D7-3E2025617038}.Release|Any CPU.Build.0 = Release|Any CPU
		{1EB5CF3B-5C10-4926-82D7-3E2025617038}.Release|x64.ActiveCfg = Release|Any CPU
		{1EB5CF3B-5C10-4926-82D7-3E2025617038}.Release|x64.Build.0 = Release|Any CPU
		{1EB5CF3B-5C10-4926-82D7-3E2025617038}.Release|x86.ActiveCfg = Release|Any CPU
		{1EB5CF3B-5C10-4926-82D7-3E2025617038}.Release|x86.Build.0 = Release|Any CPU
		{E534FEF7-0DF1-4D10-82D1-6B33A69210CC}.Debug|Any CPU.ActiveCfg = Debug|Any CPU
		{E534FEF7-0DF1-4D10-82D1-6B33A69210CC}.Debug|Any CPU.Build.0 = Debug|Any CPU
		{E534FEF7-0DF1-4D10-82D1-6B33A69210CC}.Debug|x64.ActiveCfg = Debug|Any CPU
		{E534FEF7-0DF1-4D10-82D1-6B33A69210CC}.Debug|x64.Build.0 = Debug|Any CPU
		{E534FEF7-0DF1-4D10-82D1-6B33A69210CC}.Debug|x86.ActiveCfg = Debug|Any CPU
		{E534FEF7-0DF1-4D10-82D1-6B33A69210CC}.Debug|x86.Build.0 = Debug|Any CPU
		{E534FEF7-0DF1-4D10-82D1-6B33A69210CC}.Release|Any CPU.ActiveCfg = Release|Any CPU
		{E534FEF7-0DF1-4D10-82D1-6B33A69210CC}.Release|Any CPU.Build.0 = Release|Any CPU
		{E534FEF7-0DF1-4D10-82D1-6B33A69210CC}.Release|x64.ActiveCfg = Release|Any CPU
		{E534FEF7-0DF1-4D10-82D1-6B33A69210CC}.Release|x64.Build.0 = Release|Any CPU
		{E534FEF7-0DF1-4D10-82D1-6B33A69210CC}.Release|x86.ActiveCfg = Release|Any CPU
		{E534FEF7-0DF1-4D10-82D1-6B33A69210CC}.Release|x86.Build.0 = Release|Any CPU
		{CBB6EA89-C3CC-40E8-AE3D-CDF7609403E9}.Debug|Any CPU.ActiveCfg = Debug|Any CPU
		{CBB6EA89-C3CC-40E8-AE3D-CDF7609403E9}.Debug|Any CPU.Build.0 = Debug|Any CPU
		{CBB6EA89-C3CC-40E8-AE3D-CDF7609403E9}.Debug|x64.ActiveCfg = Debug|Any CPU
		{CBB6EA89-C3CC-40E8-AE3D-CDF7609403E9}.Debug|x64.Build.0 = Debug|Any CPU
		{CBB6EA89-C3CC-40E8-AE3D-CDF7609403E9}.Debug|x86.ActiveCfg = Debug|Any CPU
		{CBB6EA89-C3CC-40E8-AE3D-CDF7609403E9}.Debug|x86.Build.0 = Debug|Any CPU
		{CBB6EA89-C3CC-40E8-AE3D-CDF7609403E9}.Release|Any CPU.ActiveCfg = Release|Any CPU
		{CBB6EA89-C3CC-40E8-AE3D-CDF7609403E9}.Release|Any CPU.Build.0 = Release|Any CPU
		{CBB6EA89-C3CC-40E8-AE3D-CDF7609403E9}.Release|x64.ActiveCfg = Release|Any CPU
		{CBB6EA89-C3CC-40E8-AE3D-CDF7609403E9}.Release|x64.Build.0 = Release|Any CPU
		{CBB6EA89-C3CC-40E8-AE3D-CDF7609403E9}.Release|x86.ActiveCfg = Release|Any CPU
		{CBB6EA89-C3CC-40E8-AE3D-CDF7609403E9}.Release|x86.Build.0 = Release|Any CPU
		{1B1C6BA0-81FA-44F9-AB5E-FDED758420E0}.Debug|Any CPU.ActiveCfg = Debug|Any CPU
		{1B1C6BA0-81FA-44F9-AB5E-FDED758420E0}.Debug|Any CPU.Build.0 = Debug|Any CPU
		{1B1C6BA0-81FA-44F9-AB5E-FDED758420E0}.Debug|x64.ActiveCfg = Debug|Any CPU
		{1B1C6BA0-81FA-44F9-AB5E-FDED758420E0}.Debug|x64.Build.0 = Debug|Any CPU
		{1B1C6BA0-81FA-44F9-AB5E-FDED758420E0}.Debug|x86.ActiveCfg = Debug|Any CPU
		{1B1C6BA0-81FA-44F9-AB5E-FDED758420E0}.Debug|x86.Build.0 = Debug|Any CPU
		{1B1C6BA0-81FA-44F9-AB5E-FDED758420E0}.Release|Any CPU.ActiveCfg = Release|Any CPU
		{1B1C6BA0-81FA-44F9-AB5E-FDED758420E0}.Release|Any CPU.Build.0 = Release|Any CPU
		{1B1C6BA0-81FA-44F9-AB5E-FDED758420E0}.Release|x64.ActiveCfg = Release|Any CPU
		{1B1C6BA0-81FA-44F9-AB5E-FDED758420E0}.Release|x64.Build.0 = Release|Any CPU
		{1B1C6BA0-81FA-44F9-AB5E-FDED758420E0}.Release|x86.ActiveCfg = Release|Any CPU
		{1B1C6BA0-81FA-44F9-AB5E-FDED758420E0}.Release|x86.Build.0 = Release|Any CPU
		{086B725B-0661-411B-BF11-D36F2E154915}.Debug|Any CPU.ActiveCfg = Debug|Any CPU
		{086B725B-0661-411B-BF11-D36F2E154915}.Debug|Any CPU.Build.0 = Debug|Any CPU
		{086B725B-0661-411B-BF11-D36F2E154915}.Debug|x64.ActiveCfg = Debug|Any CPU
		{086B725B-0661-411B-BF11-D36F2E154915}.Debug|x64.Build.0 = Debug|Any CPU
		{086B725B-0661-411B-BF11-D36F2E154915}.Debug|x86.ActiveCfg = Debug|Any CPU
		{086B725B-0661-411B-BF11-D36F2E154915}.Debug|x86.Build.0 = Debug|Any CPU
		{086B725B-0661-411B-BF11-D36F2E154915}.Release|Any CPU.ActiveCfg = Release|Any CPU
		{086B725B-0661-411B-BF11-D36F2E154915}.Release|Any CPU.Build.0 = Release|Any CPU
		{086B725B-0661-411B-BF11-D36F2E154915}.Release|x64.ActiveCfg = Release|Any CPU
		{086B725B-0661-411B-BF11-D36F2E154915}.Release|x64.Build.0 = Release|Any CPU
		{086B725B-0661-411B-BF11-D36F2E154915}.Release|x86.ActiveCfg = Release|Any CPU
		{086B725B-0661-411B-BF11-D36F2E154915}.Release|x86.Build.0 = Release|Any CPU
	EndGlobalSection
	GlobalSection(SolutionProperties) = preSolution
		HideSolutionNode = FALSE
	EndGlobalSection
EndGlobal
